
Microsoft Visual Studio Solution File, Format Version 12.00
# Visual Studio 15
VisualStudioVersion = 15.0.28307.168
MinimumVisualStudioVersion = 10.0.40219.1
Project("{8BC9CEB8-8B4A-11D0-8D11-00A0C91BC942}") = "Project", "Project.vcxproj", "{E2D84BC5-DE6A-4309-8FA7-43C1981D7F80}"
EndProject
Global
	GlobalSection(SolutionConfigurationPlatforms) = preSolution
		Debug|x64 = Debug|x64
		Debug|x86 = Debug|x86
		Release|x64 = Release|x64
		Release|x86 = Release|x86
	EndGlobalSection
	GlobalSection(ProjectConfigurationPlatforms) = postSolution
		{E2D84BC5-DE6A-4309-8FA7-43C1981D7F80}.Debug|x64.ActiveCfg = Debug|x64
		{E2D84BC5-DE6A-4309-8FA7-43C1981D7F80}.Debug|x64.Build.0 = Debug|x64
		{E2D84BC5-DE6A-4309-8FA7-43C1981D7F80}.Debug|x86.ActiveCfg = Debug|Win32
		{E2D84BC5-DE6A-4309-8FA7-43C1981D7F80}.Debug|x86.Build.0 = Debug|Win32
		{E2D84BC5-DE6A-4309-8FA7-43C1981D7F80}.Release|x64.ActiveCfg = Release|x64
		{E2D84BC5-DE6A-4309-8FA7-43C1981D7F80}.Release|x64.Build.0 = Release|x64
		{E2D84BC5-DE6A-4309-8FA7-43C1981D7F80}.Release|x86.ActiveCfg = Release|Win32
		{E2D84BC5-DE6A-4309-8FA7-43C1981D7F80}.Release|x86.Build.0 = Release|Win32
	EndGlobalSection
	GlobalSection(SolutionProperties) = preSolution
		HideSolutionNode = FALSE
	EndGlobalSection
	GlobalSection(ExtensibilityGlobals) = postSolution
		SolutionGuid = {72CD1325-7A40-4168-A56C-EA8E3A5AD5AB}
	EndGlobalSection
EndGlobal
